// !$*UTF8*$!
{
	archiveVersion = 1;
	classes = {
	};
	objectVersion = 51;
	objects = {

/* Begin PBXBuildFile section */
		6BE11318BF32856B2CE18917 /* Pods_MuSJcTests.framework in Frameworks */ = {isa = PBXBuildFile; fileRef = ABA1C3DCFF801272A56F0CCE /* Pods_MuSJcTests.framework */; };
		E2EB61BFD5822995963681A4 /* Pods_MuSJc.framework in Frameworks */ = {isa = PBXBuildFile; fileRef = 1BB442925B7E136DDC5D225D /* Pods_MuSJc.framework */; };
		E8875C3A24546F8800A6FA62 /* AppDelegate.swift in Sources */ = {isa = PBXBuildFile; fileRef = E8875C3924546F8800A6FA62 /* AppDelegate.swift */; };
		E8875C4124546F8800A6FA62 /* Home.storyboard in Resources */ = {isa = PBXBuildFile; fileRef = E8875C3F24546F8800A6FA62 /* Home.storyboard */; };
		E8875C4324546F8A00A6FA62 /* Assets.xcassets in Resources */ = {isa = PBXBuildFile; fileRef = E8875C4224546F8A00A6FA62 /* Assets.xcassets */; };
		E8875C4624546F8A00A6FA62 /* LaunchScreen.storyboard in Resources */ = {isa = PBXBuildFile; fileRef = E8875C4424546F8A00A6FA62 /* LaunchScreen.storyboard */; };
		E8875C5124546F8B00A6FA62 /* MuSJcTests.swift in Sources */ = {isa = PBXBuildFile; fileRef = E8875C5024546F8B00A6FA62 /* MuSJcTests.swift */; };
		E8875C5D2454775500A6FA62 /* Mock.generated.swift in Sources */ = {isa = PBXBuildFile; fileRef = E8875C5C2454775500A6FA62 /* Mock.generated.swift */; };
		E8875C60245477E600A6FA62 /* MuSJcApp.swift in Sources */ = {isa = PBXBuildFile; fileRef = E8875C5F245477E600A6FA62 /* MuSJcApp.swift */; };
		E8875C632454784F00A6FA62 /* ApplicationFirebaseProtocol.swift in Sources */ = {isa = PBXBuildFile; fileRef = E8875C622454784F00A6FA62 /* ApplicationFirebaseProtocol.swift */; };
		E8875C65245478E300A6FA62 /* IQKeyboardManagerProtocol.swift in Sources */ = {isa = PBXBuildFile; fileRef = E8875C64245478E300A6FA62 /* IQKeyboardManagerProtocol.swift */; };
		E8875C672454793400A6FA62 /* UIApplicationProtocol.swift in Sources */ = {isa = PBXBuildFile; fileRef = E8875C662454793400A6FA62 /* UIApplicationProtocol.swift */; };
		E8875C6924547E8C00A6FA62 /* SharedAssembly.swift in Sources */ = {isa = PBXBuildFile; fileRef = E8875C6824547E8C00A6FA62 /* SharedAssembly.swift */; };
		E8875C6B2454851900A6FA62 /* ErrorHandler.swift in Sources */ = {isa = PBXBuildFile; fileRef = E8875C6A2454851900A6FA62 /* ErrorHandler.swift */; };
		E8875C6F2454893900A6FA62 /* AlertPresenter.swift in Sources */ = {isa = PBXBuildFile; fileRef = E8875C6E2454893900A6FA62 /* AlertPresenter.swift */; };
		E8875C7224548A2B00A6FA62 /* TopViewControllerProvider.swift in Sources */ = {isa = PBXBuildFile; fileRef = E8875C7124548A2B00A6FA62 /* TopViewControllerProvider.swift */; };
		E8875C7424548B9900A6FA62 /* UIViewControllerRouting.swift in Sources */ = {isa = PBXBuildFile; fileRef = E8875C7324548B9900A6FA62 /* UIViewControllerRouting.swift */; };
		E8875C76245496A400A6FA62 /* StoryboardProtocol.swift in Sources */ = {isa = PBXBuildFile; fileRef = E8875C75245496A400A6FA62 /* StoryboardProtocol.swift */; };
		E8875C782454972400A6FA62 /* RootNavigatorRouter.swift in Sources */ = {isa = PBXBuildFile; fileRef = E8875C772454972400A6FA62 /* RootNavigatorRouter.swift */; };
		E8875C7D2454991B00A6FA62 /* HomeStoryboard.swift in Sources */ = {isa = PBXBuildFile; fileRef = E8875C7C2454991B00A6FA62 /* HomeStoryboard.swift */; };
		E8875C7F2454992C00A6FA62 /* HomeStoryboarId.swift in Sources */ = {isa = PBXBuildFile; fileRef = E8875C7E2454992C00A6FA62 /* HomeStoryboarId.swift */; };
		E8875C812454994300A6FA62 /* HomeAssembly.swift in Sources */ = {isa = PBXBuildFile; fileRef = E8875C802454994300A6FA62 /* HomeAssembly.swift */; };
		E8875C8424549C1200A6FA62 /* ListViewController.swift in Sources */ = {isa = PBXBuildFile; fileRef = E8875C8324549C1200A6FA62 /* ListViewController.swift */; };
		E8875C8624549C2900A6FA62 /* SongDetailViewController.swift in Sources */ = {isa = PBXBuildFile; fileRef = E8875C8524549C2900A6FA62 /* SongDetailViewController.swift */; };
		E8875C8824549D5000A6FA62 /* RootNavigator.swift in Sources */ = {isa = PBXBuildFile; fileRef = E8875C8724549D5000A6FA62 /* RootNavigator.swift */; };
/* End PBXBuildFile section */

/* Begin PBXContainerItemProxy section */
		E8875C4D24546F8B00A6FA62 /* PBXContainerItemProxy */ = {
			isa = PBXContainerItemProxy;
			containerPortal = E8875C2E24546F8800A6FA62 /* Project object */;
			proxyType = 1;
			remoteGlobalIDString = E8875C3524546F8800A6FA62;
			remoteInfo = MuSJc;
		};
/* End PBXContainerItemProxy section */

/* Begin PBXFileReference section */
		13EC066F6C1195B76E4E09BB /* Pods-MuSJc.debug.xcconfig */ = {isa = PBXFileReference; includeInIndex = 1; lastKnownFileType = text.xcconfig; name = "Pods-MuSJc.debug.xcconfig"; path = "Target Support Files/Pods-MuSJc/Pods-MuSJc.debug.xcconfig"; sourceTree = "<group>"; };
		1BB442925B7E136DDC5D225D /* Pods_MuSJc.framework */ = {isa = PBXFileReference; explicitFileType = wrapper.framework; includeInIndex = 0; path = Pods_MuSJc.framework; sourceTree = BUILT_PRODUCTS_DIR; };
		6A1E937E416B368FDDFDDDE3 /* Pods-MuSJcTests.release.xcconfig */ = {isa = PBXFileReference; includeInIndex = 1; lastKnownFileType = text.xcconfig; name = "Pods-MuSJcTests.release.xcconfig"; path = "Target Support Files/Pods-MuSJcTests/Pods-MuSJcTests.release.xcconfig"; sourceTree = "<group>"; };
		83066F8CD6080437CE801CE6 /* Pods-MuSJc.release.xcconfig */ = {isa = PBXFileReference; includeInIndex = 1; lastKnownFileType = text.xcconfig; name = "Pods-MuSJc.release.xcconfig"; path = "Target Support Files/Pods-MuSJc/Pods-MuSJc.release.xcconfig"; sourceTree = "<group>"; };
		93C44A6C20B4F53635ADA909 /* Pods-MuSJcTests.debug.xcconfig */ = {isa = PBXFileReference; includeInIndex = 1; lastKnownFileType = text.xcconfig; name = "Pods-MuSJcTests.debug.xcconfig"; path = "Target Support Files/Pods-MuSJcTests/Pods-MuSJcTests.debug.xcconfig"; sourceTree = "<group>"; };
		ABA1C3DCFF801272A56F0CCE /* Pods_MuSJcTests.framework */ = {isa = PBXFileReference; explicitFileType = wrapper.framework; includeInIndex = 0; path = Pods_MuSJcTests.framework; sourceTree = BUILT_PRODUCTS_DIR; };
		E8875C3624546F8800A6FA62 /* MuSJc.app */ = {isa = PBXFileReference; explicitFileType = wrapper.application; includeInIndex = 0; path = MuSJc.app; sourceTree = BUILT_PRODUCTS_DIR; };
		E8875C3924546F8800A6FA62 /* AppDelegate.swift */ = {isa = PBXFileReference; lastKnownFileType = sourcecode.swift; path = AppDelegate.swift; sourceTree = "<group>"; };
		E8875C4024546F8800A6FA62 /* Base */ = {isa = PBXFileReference; lastKnownFileType = file.storyboard; name = Base; path = Base.lproj/Home.storyboard; sourceTree = "<group>"; };
		E8875C4224546F8A00A6FA62 /* Assets.xcassets */ = {isa = PBXFileReference; lastKnownFileType = folder.assetcatalog; path = Assets.xcassets; sourceTree = "<group>"; };
		E8875C4524546F8A00A6FA62 /* Base */ = {isa = PBXFileReference; lastKnownFileType = file.storyboard; name = Base; path = Base.lproj/LaunchScreen.storyboard; sourceTree = "<group>"; };
		E8875C4724546F8A00A6FA62 /* Info.plist */ = {isa = PBXFileReference; lastKnownFileType = text.plist.xml; path = Info.plist; sourceTree = "<group>"; };
		E8875C4C24546F8B00A6FA62 /* MuSJcTests.xctest */ = {isa = PBXFileReference; explicitFileType = wrapper.cfbundle; includeInIndex = 0; path = MuSJcTests.xctest; sourceTree = BUILT_PRODUCTS_DIR; };
		E8875C5024546F8B00A6FA62 /* MuSJcTests.swift */ = {isa = PBXFileReference; lastKnownFileType = sourcecode.swift; path = MuSJcTests.swift; sourceTree = "<group>"; };
		E8875C5224546F8B00A6FA62 /* Info.plist */ = {isa = PBXFileReference; lastKnownFileType = text.plist.xml; path = Info.plist; sourceTree = "<group>"; };
		E8875C5C2454775500A6FA62 /* Mock.generated.swift */ = {isa = PBXFileReference; fileEncoding = 4; lastKnownFileType = sourcecode.swift; name = Mock.generated.swift; path = MuSJcTests/Generated/Mock.generated.swift; sourceTree = SOURCE_ROOT; };
		E8875C5F245477E600A6FA62 /* MuSJcApp.swift */ = {isa = PBXFileReference; lastKnownFileType = sourcecode.swift; path = MuSJcApp.swift; sourceTree = "<group>"; };
		E8875C622454784F00A6FA62 /* ApplicationFirebaseProtocol.swift */ = {isa = PBXFileReference; lastKnownFileType = sourcecode.swift; path = ApplicationFirebaseProtocol.swift; sourceTree = "<group>"; };
		E8875C64245478E300A6FA62 /* IQKeyboardManagerProtocol.swift */ = {isa = PBXFileReference; lastKnownFileType = sourcecode.swift; path = IQKeyboardManagerProtocol.swift; sourceTree = "<group>"; };
		E8875C662454793400A6FA62 /* UIApplicationProtocol.swift */ = {isa = PBXFileReference; lastKnownFileType = sourcecode.swift; path = UIApplicationProtocol.swift; sourceTree = "<group>"; };
		E8875C6824547E8C00A6FA62 /* SharedAssembly.swift */ = {isa = PBXFileReference; lastKnownFileType = sourcecode.swift; path = SharedAssembly.swift; sourceTree = "<group>"; };
		E8875C6A2454851900A6FA62 /* ErrorHandler.swift */ = {isa = PBXFileReference; lastKnownFileType = sourcecode.swift; path = ErrorHandler.swift; sourceTree = "<group>"; };
		E8875C6E2454893900A6FA62 /* AlertPresenter.swift */ = {isa = PBXFileReference; lastKnownFileType = sourcecode.swift; path = AlertPresenter.swift; sourceTree = "<group>"; };
		E8875C7124548A2B00A6FA62 /* TopViewControllerProvider.swift */ = {isa = PBXFileReference; lastKnownFileType = sourcecode.swift; path = TopViewControllerProvider.swift; sourceTree = "<group>"; };
		E8875C7324548B9900A6FA62 /* UIViewControllerRouting.swift */ = {isa = PBXFileReference; lastKnownFileType = sourcecode.swift; path = UIViewControllerRouting.swift; sourceTree = "<group>"; };
		E8875C75245496A400A6FA62 /* StoryboardProtocol.swift */ = {isa = PBXFileReference; lastKnownFileType = sourcecode.swift; path = StoryboardProtocol.swift; sourceTree = "<group>"; };
		E8875C772454972400A6FA62 /* RootNavigatorRouter.swift */ = {isa = PBXFileReference; lastKnownFileType = sourcecode.swift; path = RootNavigatorRouter.swift; sourceTree = "<group>"; };
		E8875C7C2454991B00A6FA62 /* HomeStoryboard.swift */ = {isa = PBXFileReference; lastKnownFileType = sourcecode.swift; path = HomeStoryboard.swift; sourceTree = "<group>"; };
		E8875C7E2454992C00A6FA62 /* HomeStoryboarId.swift */ = {isa = PBXFileReference; lastKnownFileType = sourcecode.swift; path = HomeStoryboarId.swift; sourceTree = "<group>"; };
		E8875C802454994300A6FA62 /* HomeAssembly.swift */ = {isa = PBXFileReference; lastKnownFileType = sourcecode.swift; path = HomeAssembly.swift; sourceTree = "<group>"; };
		E8875C8324549C1200A6FA62 /* ListViewController.swift */ = {isa = PBXFileReference; lastKnownFileType = sourcecode.swift; path = ListViewController.swift; sourceTree = "<group>"; };
		E8875C8524549C2900A6FA62 /* SongDetailViewController.swift */ = {isa = PBXFileReference; lastKnownFileType = sourcecode.swift; path = SongDetailViewController.swift; sourceTree = "<group>"; };
		E8875C8724549D5000A6FA62 /* RootNavigator.swift */ = {isa = PBXFileReference; lastKnownFileType = sourcecode.swift; path = RootNavigator.swift; sourceTree = "<group>"; };
/* End PBXFileReference section */

/* Begin PBXFrameworksBuildPhase section */
		E8875C3324546F8800A6FA62 /* Frameworks */ = {
			isa = PBXFrameworksBuildPhase;
			buildActionMask = 2147483647;
			files = (
				E2EB61BFD5822995963681A4 /* Pods_MuSJc.framework in Frameworks */,
			);
			runOnlyForDeploymentPostprocessing = 0;
		};
		E8875C4924546F8B00A6FA62 /* Frameworks */ = {
			isa = PBXFrameworksBuildPhase;
			buildActionMask = 2147483647;
			files = (
				6BE11318BF32856B2CE18917 /* Pods_MuSJcTests.framework in Frameworks */,
			);
			runOnlyForDeploymentPostprocessing = 0;
		};
/* End PBXFrameworksBuildPhase section */

/* Begin PBXGroup section */
		785ACE6511B30F4DF8479452 /* Pods */ = {
			isa = PBXGroup;
			children = (
				13EC066F6C1195B76E4E09BB /* Pods-MuSJc.debug.xcconfig */,
				83066F8CD6080437CE801CE6 /* Pods-MuSJc.release.xcconfig */,
				93C44A6C20B4F53635ADA909 /* Pods-MuSJcTests.debug.xcconfig */,
				6A1E937E416B368FDDFDDDE3 /* Pods-MuSJcTests.release.xcconfig */,
			);
			path = Pods;
			sourceTree = "<group>";
		};
		86AEA559A042548278435277 /* Frameworks */ = {
			isa = PBXGroup;
			children = (
				1BB442925B7E136DDC5D225D /* Pods_MuSJc.framework */,
				ABA1C3DCFF801272A56F0CCE /* Pods_MuSJcTests.framework */,
			);
			name = Frameworks;
			sourceTree = "<group>";
		};
		E8875C2D24546F8800A6FA62 = {
			isa = PBXGroup;
			children = (
				E8875C3824546F8800A6FA62 /* MuSJc */,
				E8875C4F24546F8B00A6FA62 /* MuSJcTests */,
				E8875C3724546F8800A6FA62 /* Products */,
				785ACE6511B30F4DF8479452 /* Pods */,
				86AEA559A042548278435277 /* Frameworks */,
			);
			sourceTree = "<group>";
		};
		E8875C3724546F8800A6FA62 /* Products */ = {
			isa = PBXGroup;
			children = (
				E8875C3624546F8800A6FA62 /* MuSJc.app */,
				E8875C4C24546F8B00A6FA62 /* MuSJcTests.xctest */,
			);
			name = Products;
			sourceTree = "<group>";
		};
		E8875C3824546F8800A6FA62 /* MuSJc */ = {
			isa = PBXGroup;
			children = (
				E8875C5E245477D600A6FA62 /* Common */,
				E8875C79245498A900A6FA62 /* Scenes */,
				E8875C3924546F8800A6FA62 /* AppDelegate.swift */,
				E8875C4224546F8A00A6FA62 /* Assets.xcassets */,
				E8875C4424546F8A00A6FA62 /* LaunchScreen.storyboard */,
				E8875C4724546F8A00A6FA62 /* Info.plist */,
			);
			path = MuSJc;
			sourceTree = "<group>";
		};
		E8875C4F24546F8B00A6FA62 /* MuSJcTests */ = {
			isa = PBXGroup;
			children = (
				E8875C5B2454774E00A6FA62 /* Mocks */,
				E8875C5024546F8B00A6FA62 /* MuSJcTests.swift */,
				E8875C5224546F8B00A6FA62 /* Info.plist */,
			);
			path = MuSJcTests;
			sourceTree = "<group>";
		};
		E8875C5B2454774E00A6FA62 /* Mocks */ = {
			isa = PBXGroup;
			children = (
				E8875C5C2454775500A6FA62 /* Mock.generated.swift */,
			);
			path = Mocks;
			sourceTree = "<group>";
		};
		E8875C5E245477D600A6FA62 /* Common */ = {
			isa = PBXGroup;
			children = (
				E8875C6A2454851900A6FA62 /* ErrorHandler.swift */,
				E8875C6E2454893900A6FA62 /* AlertPresenter.swift */,
				E8875C702454894C00A6FA62 /* Providers */,
				E8875C612454783900A6FA62 /* Protocols */,
				E8875C5F245477E600A6FA62 /* MuSJcApp.swift */,
				E8875C6824547E8C00A6FA62 /* SharedAssembly.swift */,
				E8875C7324548B9900A6FA62 /* UIViewControllerRouting.swift */,
				E8875C772454972400A6FA62 /* RootNavigatorRouter.swift */,
				E8875C8724549D5000A6FA62 /* RootNavigator.swift */,
			);
			path = Common;
			sourceTree = "<group>";
		};
		E8875C612454783900A6FA62 /* Protocols */ = {
			isa = PBXGroup;
			children = (
				E8875C622454784F00A6FA62 /* ApplicationFirebaseProtocol.swift */,
				E8875C64245478E300A6FA62 /* IQKeyboardManagerProtocol.swift */,
				E8875C662454793400A6FA62 /* UIApplicationProtocol.swift */,
				E8875C75245496A400A6FA62 /* StoryboardProtocol.swift */,
			);
			path = Protocols;
			sourceTree = "<group>";
		};
		E8875C702454894C00A6FA62 /* Providers */ = {
			isa = PBXGroup;
			children = (
				E8875C7124548A2B00A6FA62 /* TopViewControllerProvider.swift */,
			);
			path = Providers;
			sourceTree = "<group>";
		};
		E8875C79245498A900A6FA62 /* Scenes */ = {
			isa = PBXGroup;
			children = (
				E8875C7A245498BE00A6FA62 /* Home */,
			);
			path = Scenes;
			sourceTree = "<group>";
		};
		E8875C7A245498BE00A6FA62 /* Home */ = {
			isa = PBXGroup;
			children = (
				E8875C3F24546F8800A6FA62 /* Home.storyboard */,
				E8875C7C2454991B00A6FA62 /* HomeStoryboard.swift */,
				E8875C7E2454992C00A6FA62 /* HomeStoryboarId.swift */,
				E8875C802454994300A6FA62 /* HomeAssembly.swift */,
				E8875C8224549BFD00A6FA62 /* List */,
				E8875C7B245498EF00A6FA62 /* MusicDetail */,
			);
			path = Home;
			sourceTree = "<group>";
		};
		E8875C7B245498EF00A6FA62 /* MusicDetail */ = {
			isa = PBXGroup;
			children = (
				E8875C8524549C2900A6FA62 /* SongDetailViewController.swift */,
			);
			path = MusicDetail;
			sourceTree = "<group>";
		};
		E8875C8224549BFD00A6FA62 /* List */ = {
			isa = PBXGroup;
			children = (
				E8875C8324549C1200A6FA62 /* ListViewController.swift */,
			);
			path = List;
			sourceTree = "<group>";
		};
/* End PBXGroup section */

/* Begin PBXNativeTarget section */
		E8875C3524546F8800A6FA62 /* MuSJc */ = {
			isa = PBXNativeTarget;
			buildConfigurationList = E8875C5524546F8B00A6FA62 /* Build configuration list for PBXNativeTarget "MuSJc" */;
			buildPhases = (
				915B286EC1C133A08D762643 /* [CP] Check Pods Manifest.lock */,
				E8875C3224546F8800A6FA62 /* Sources */,
				E8875C3324546F8800A6FA62 /* Frameworks */,
				E8875C3424546F8800A6FA62 /* Resources */,
				F69401FFFBB9953A03652FB9 /* [CP] Embed Pods Frameworks */,
			);
			buildRules = (
			);
			dependencies = (
			);
			name = MuSJc;
			productName = MuSJc;
			productReference = E8875C3624546F8800A6FA62 /* MuSJc.app */;
			productType = "com.apple.product-type.application";
		};
		E8875C4B24546F8B00A6FA62 /* MuSJcTests */ = {
			isa = PBXNativeTarget;
			buildConfigurationList = E8875C5824546F8B00A6FA62 /* Build configuration list for PBXNativeTarget "MuSJcTests" */;
			buildPhases = (
				68BBCD12A2F7E0BB372F8F9E /* [CP] Check Pods Manifest.lock */,
				E8875C4824546F8B00A6FA62 /* Sources */,
				E8875C4924546F8B00A6FA62 /* Frameworks */,
				E8875C4A24546F8B00A6FA62 /* Resources */,
				662729C61C4D6D04490A4A49 /* [CP] Embed Pods Frameworks */,
			);
			buildRules = (
			);
			dependencies = (
				E8875C4E24546F8B00A6FA62 /* PBXTargetDependency */,
			);
			name = MuSJcTests;
			productName = MuSJcTests;
			productReference = E8875C4C24546F8B00A6FA62 /* MuSJcTests.xctest */;
			productType = "com.apple.product-type.bundle.unit-test";
		};
/* End PBXNativeTarget section */

/* Begin PBXProject section */
		E8875C2E24546F8800A6FA62 /* Project object */ = {
			isa = PBXProject;
			attributes = {
				LastSwiftUpdateCheck = 1140;
				LastUpgradeCheck = 1140;
				ORGANIZATIONNAME = "Tran Gia Huy";
				TargetAttributes = {
					E8875C3524546F8800A6FA62 = {
						CreatedOnToolsVersion = 11.4.1;
					};
					E8875C4B24546F8B00A6FA62 = {
						CreatedOnToolsVersion = 11.4.1;
						TestTargetID = E8875C3524546F8800A6FA62;
					};
				};
			};
			buildConfigurationList = E8875C3124546F8800A6FA62 /* Build configuration list for PBXProject "MuSJc" */;
			compatibilityVersion = "Xcode 9.3";
			developmentRegion = en;
			hasScannedForEncodings = 0;
			knownRegions = (
				en,
				Base,
			);
			mainGroup = E8875C2D24546F8800A6FA62;
			productRefGroup = E8875C3724546F8800A6FA62 /* Products */;
			projectDirPath = "";
			projectRoot = "";
			targets = (
				E8875C3524546F8800A6FA62 /* MuSJc */,
				E8875C4B24546F8B00A6FA62 /* MuSJcTests */,
			);
		};
/* End PBXProject section */

/* Begin PBXResourcesBuildPhase section */
		E8875C3424546F8800A6FA62 /* Resources */ = {
			isa = PBXResourcesBuildPhase;
			buildActionMask = 2147483647;
			files = (
				E8875C4624546F8A00A6FA62 /* LaunchScreen.storyboard in Resources */,
				E8875C4324546F8A00A6FA62 /* Assets.xcassets in Resources */,
				E8875C4124546F8800A6FA62 /* Home.storyboard in Resources */,
			);
			runOnlyForDeploymentPostprocessing = 0;
		};
		E8875C4A24546F8B00A6FA62 /* Resources */ = {
			isa = PBXResourcesBuildPhase;
			buildActionMask = 2147483647;
			files = (
			);
			runOnlyForDeploymentPostprocessing = 0;
		};
/* End PBXResourcesBuildPhase section */

/* Begin PBXShellScriptBuildPhase section */
		662729C61C4D6D04490A4A49 /* [CP] Embed Pods Frameworks */ = {
			isa = PBXShellScriptBuildPhase;
			buildActionMask = 2147483647;
			files = (
			);
			inputFileListPaths = (
				"${PODS_ROOT}/Target Support Files/Pods-MuSJcTests/Pods-MuSJcTests-frameworks-${CONFIGURATION}-input-files.xcfilelist",
			);
			name = "[CP] Embed Pods Frameworks";
			outputFileListPaths = (
				"${PODS_ROOT}/Target Support Files/Pods-MuSJcTests/Pods-MuSJcTests-frameworks-${CONFIGURATION}-output-files.xcfilelist",
			);
			runOnlyForDeploymentPostprocessing = 0;
			shellPath = /bin/sh;
			shellScript = "\"${PODS_ROOT}/Target Support Files/Pods-MuSJcTests/Pods-MuSJcTests-frameworks.sh\"\n";
			showEnvVarsInLog = 0;
		};
		68BBCD12A2F7E0BB372F8F9E /* [CP] Check Pods Manifest.lock */ = {
			isa = PBXShellScriptBuildPhase;
			buildActionMask = 2147483647;
			files = (
			);
			inputFileListPaths = (
			);
			inputPaths = (
				"${PODS_PODFILE_DIR_PATH}/Podfile.lock",
				"${PODS_ROOT}/Manifest.lock",
			);
			name = "[CP] Check Pods Manifest.lock";
			outputFileListPaths = (
			);
			outputPaths = (
				"$(DERIVED_FILE_DIR)/Pods-MuSJcTests-checkManifestLockResult.txt",
			);
			runOnlyForDeploymentPostprocessing = 0;
			shellPath = /bin/sh;
			shellScript = "diff \"${PODS_PODFILE_DIR_PATH}/Podfile.lock\" \"${PODS_ROOT}/Manifest.lock\" > /dev/null\nif [ $? != 0 ] ; then\n    # print error to STDERR\n    echo \"error: The sandbox is not in sync with the Podfile.lock. Run 'pod install' or update your CocoaPods installation.\" >&2\n    exit 1\nfi\n# This output is used by Xcode 'outputs' to avoid re-running this script phase.\necho \"SUCCESS\" > \"${SCRIPT_OUTPUT_FILE_0}\"\n";
			showEnvVarsInLog = 0;
		};
		915B286EC1C133A08D762643 /* [CP] Check Pods Manifest.lock */ = {
			isa = PBXShellScriptBuildPhase;
			buildActionMask = 2147483647;
			files = (
			);
			inputFileListPaths = (
			);
			inputPaths = (
				"${PODS_PODFILE_DIR_PATH}/Podfile.lock",
				"${PODS_ROOT}/Manifest.lock",
			);
			name = "[CP] Check Pods Manifest.lock";
			outputFileListPaths = (
			);
			outputPaths = (
				"$(DERIVED_FILE_DIR)/Pods-MuSJc-checkManifestLockResult.txt",
			);
			runOnlyForDeploymentPostprocessing = 0;
			shellPath = /bin/sh;
			shellScript = "diff \"${PODS_PODFILE_DIR_PATH}/Podfile.lock\" \"${PODS_ROOT}/Manifest.lock\" > /dev/null\nif [ $? != 0 ] ; then\n    # print error to STDERR\n    echo \"error: The sandbox is not in sync with the Podfile.lock. Run 'pod install' or update your CocoaPods installation.\" >&2\n    exit 1\nfi\n# This output is used by Xcode 'outputs' to avoid re-running this script phase.\necho \"SUCCESS\" > \"${SCRIPT_OUTPUT_FILE_0}\"\n";
			showEnvVarsInLog = 0;
		};
		F69401FFFBB9953A03652FB9 /* [CP] Embed Pods Frameworks */ = {
			isa = PBXShellScriptBuildPhase;
			buildActionMask = 2147483647;
			files = (
			);
			inputFileListPaths = (
				"${PODS_ROOT}/Target Support Files/Pods-MuSJc/Pods-MuSJc-frameworks-${CONFIGURATION}-input-files.xcfilelist",
			);
			name = "[CP] Embed Pods Frameworks";
			outputFileListPaths = (
				"${PODS_ROOT}/Target Support Files/Pods-MuSJc/Pods-MuSJc-frameworks-${CONFIGURATION}-output-files.xcfilelist",
			);
			runOnlyForDeploymentPostprocessing = 0;
			shellPath = /bin/sh;
			shellScript = "\"${PODS_ROOT}/Target Support Files/Pods-MuSJc/Pods-MuSJc-frameworks.sh\"\n";
			showEnvVarsInLog = 0;
		};
/* End PBXShellScriptBuildPhase section */

/* Begin PBXSourcesBuildPhase section */
		E8875C3224546F8800A6FA62 /* Sources */ = {
			isa = PBXSourcesBuildPhase;
			buildActionMask = 2147483647;
			files = (
				E8875C8424549C1200A6FA62 /* ListViewController.swift in Sources */,
				E8875C8824549D5000A6FA62 /* RootNavigator.swift in Sources */,
				E8875C672454793400A6FA62 /* UIApplicationProtocol.swift in Sources */,
				E8875C7424548B9900A6FA62 /* UIViewControllerRouting.swift in Sources */,
				E8875C7F2454992C00A6FA62 /* HomeStoryboarId.swift in Sources */,
				E8875C76245496A400A6FA62 /* StoryboardProtocol.swift in Sources */,
				E8875C782454972400A6FA62 /* RootNavigatorRouter.swift in Sources */,
				E8875C812454994300A6FA62 /* HomeAssembly.swift in Sources */,
				E8875C7D2454991B00A6FA62 /* HomeStoryboard.swift in Sources */,
				E8875C6924547E8C00A6FA62 /* SharedAssembly.swift in Sources */,
				E8875C632454784F00A6FA62 /* ApplicationFirebaseProtocol.swift in Sources */,
				E8875C7224548A2B00A6FA62 /* TopViewControllerProvider.swift in Sources */,
				E8875C8624549C2900A6FA62 /* SongDetailViewController.swift in Sources */,
				E8875C60245477E600A6FA62 /* MuSJcApp.swift in Sources */,
				E8875C6F2454893900A6FA62 /* AlertPresenter.swift in Sources */,
				E8875C65245478E300A6FA62 /* IQKeyboardManagerProtocol.swift in Sources */,
				E8875C3A24546F8800A6FA62 /* AppDelegate.swift in Sources */,
				E8875C6B2454851900A6FA62 /* ErrorHandler.swift in Sources */,
			);
			runOnlyForDeploymentPostprocessing = 0;
		};
		E8875C4824546F8B00A6FA62 /* Sources */ = {
			isa = PBXSourcesBuildPhase;
			buildActionMask = 2147483647;
			files = (
				E8875C5D2454775500A6FA62 /* Mock.generated.swift in Sources */,
				E8875C5124546F8B00A6FA62 /* MuSJcTests.swift in Sources */,
			);
			runOnlyForDeploymentPostprocessing = 0;
		};
/* End PBXSourcesBuildPhase section */

/* Begin PBXTargetDependency section */
		E8875C4E24546F8B00A6FA62 /* PBXTargetDependency */ = {
			isa = PBXTargetDependency;
			target = E8875C3524546F8800A6FA62 /* MuSJc */;
			targetProxy = E8875C4D24546F8B00A6FA62 /* PBXContainerItemProxy */;
		};
/* End PBXTargetDependency section */

/* Begin PBXVariantGroup section */
		E8875C3F24546F8800A6FA62 /* Home.storyboard */ = {
			isa = PBXVariantGroup;
			children = (
				E8875C4024546F8800A6FA62 /* Base */,
			);
			name = Home.storyboard;
			sourceTree = "<group>";
		};
		E8875C4424546F8A00A6FA62 /* LaunchScreen.storyboard */ = {
			isa = PBXVariantGroup;
			children = (
				E8875C4524546F8A00A6FA62 /* Base */,
			);
			name = LaunchScreen.storyboard;
			sourceTree = "<group>";
		};
/* End PBXVariantGroup section */

/* Begin XCBuildConfiguration section */
		E8875C5324546F8B00A6FA62 /* Debug */ = {
			isa = XCBuildConfiguration;
			buildSettings = {
				ALWAYS_SEARCH_USER_PATHS = NO;
				CLANG_ANALYZER_NONNULL = YES;
				CLANG_ANALYZER_NUMBER_OBJECT_CONVERSION = YES_AGGRESSIVE;
				CLANG_CXX_LANGUAGE_STANDARD = "gnu++14";
				CLANG_CXX_LIBRARY = "libc++";
				CLANG_ENABLE_MODULES = YES;
				CLANG_ENABLE_OBJC_ARC = YES;
				CLANG_ENABLE_OBJC_WEAK = YES;
				CLANG_WARN_BLOCK_CAPTURE_AUTORELEASING = YES;
				CLANG_WARN_BOOL_CONVERSION = YES;
				CLANG_WARN_COMMA = YES;
				CLANG_WARN_CONSTANT_CONVERSION = YES;
				CLANG_WARN_DEPRECATED_OBJC_IMPLEMENTATIONS = YES;
				CLANG_WARN_DIRECT_OBJC_ISA_USAGE = YES_ERROR;
				CLANG_WARN_DOCUMENTATION_COMMENTS = YES;
				CLANG_WARN_EMPTY_BODY = YES;
				CLANG_WARN_ENUM_CONVERSION = YES;
				CLANG_WARN_INFINITE_RECURSION = YES;
				CLANG_WARN_INT_CONVERSION = YES;
				CLANG_WARN_NON_LITERAL_NULL_CONVERSION = YES;
				CLANG_WARN_OBJC_IMPLICIT_RETAIN_SELF = YES;
				CLANG_WARN_OBJC_LITERAL_CONVERSION = YES;
				CLANG_WARN_OBJC_ROOT_CLASS = YES_ERROR;
				CLANG_WARN_RANGE_LOOP_ANALYSIS = YES;
				CLANG_WARN_STRICT_PROTOTYPES = YES;
				CLANG_WARN_SUSPICIOUS_MOVE = YES;
				CLANG_WARN_UNGUARDED_AVAILABILITY = YES_AGGRESSIVE;
				CLANG_WARN_UNREACHABLE_CODE = YES;
				CLANG_WARN__DUPLICATE_METHOD_MATCH = YES;
				COPY_PHASE_STRIP = NO;
				DEBUG_INFORMATION_FORMAT = dwarf;
				ENABLE_STRICT_OBJC_MSGSEND = YES;
				ENABLE_TESTABILITY = YES;
				GCC_C_LANGUAGE_STANDARD = gnu11;
				GCC_DYNAMIC_NO_PIC = NO;
				GCC_NO_COMMON_BLOCKS = YES;
				GCC_OPTIMIZATION_LEVEL = 0;
				GCC_PREPROCESSOR_DEFINITIONS = (
					"DEBUG=1",
					"$(inherited)",
				);
				GCC_WARN_64_TO_32_BIT_CONVERSION = YES;
				GCC_WARN_ABOUT_RETURN_TYPE = YES_ERROR;
				GCC_WARN_UNDECLARED_SELECTOR = YES;
				GCC_WARN_UNINITIALIZED_AUTOS = YES_AGGRESSIVE;
				GCC_WARN_UNUSED_FUNCTION = YES;
				GCC_WARN_UNUSED_VARIABLE = YES;
				IPHONEOS_DEPLOYMENT_TARGET = 13.4;
				MTL_ENABLE_DEBUG_INFO = INCLUDE_SOURCE;
				MTL_FAST_MATH = YES;
				ONLY_ACTIVE_ARCH = YES;
				SDKROOT = iphoneos;
				SWIFT_ACTIVE_COMPILATION_CONDITIONS = DEBUG;
				SWIFT_OPTIMIZATION_LEVEL = "-Onone";
			};
			name = Debug;
		};
		E8875C5424546F8B00A6FA62 /* Release */ = {
			isa = XCBuildConfiguration;
			buildSettings = {
				ALWAYS_SEARCH_USER_PATHS = NO;
				CLANG_ANALYZER_NONNULL = YES;
				CLANG_ANALYZER_NUMBER_OBJECT_CONVERSION = YES_AGGRESSIVE;
				CLANG_CXX_LANGUAGE_STANDARD = "gnu++14";
				CLANG_CXX_LIBRARY = "libc++";
				CLANG_ENABLE_MODULES = YES;
				CLANG_ENABLE_OBJC_ARC = YES;
				CLANG_ENABLE_OBJC_WEAK = YES;
				CLANG_WARN_BLOCK_CAPTURE_AUTORELEASING = YES;
				CLANG_WARN_BOOL_CONVERSION = YES;
				CLANG_WARN_COMMA = YES;
				CLANG_WARN_CONSTANT_CONVERSION = YES;
				CLANG_WARN_DEPRECATED_OBJC_IMPLEMENTATIONS = YES;
				CLANG_WARN_DIRECT_OBJC_ISA_USAGE = YES_ERROR;
				CLANG_WARN_DOCUMENTATION_COMMENTS = YES;
				CLANG_WARN_EMPTY_BODY = YES;
				CLANG_WARN_ENUM_CONVERSION = YES;
				CLANG_WARN_INFINITE_RECURSION = YES;
				CLANG_WARN_INT_CONVERSION = YES;
				CLANG_WARN_NON_LITERAL_NULL_CONVERSION = YES;
				CLANG_WARN_OBJC_IMPLICIT_RETAIN_SELF = YES;
				CLANG_WARN_OBJC_LITERAL_CONVERSION = YES;
				CLANG_WARN_OBJC_ROOT_CLASS = YES_ERROR;
				CLANG_WARN_RANGE_LOOP_ANALYSIS = YES;
				CLANG_WARN_STRICT_PROTOTYPES = YES;
				CLANG_WARN_SUSPICIOUS_MOVE = YES;
				CLANG_WARN_UNGUARDED_AVAILABILITY = YES_AGGRESSIVE;
				CLANG_WARN_UNREACHABLE_CODE = YES;
				CLANG_WARN__DUPLICATE_METHOD_MATCH = YES;
				COPY_PHASE_STRIP = NO;
				DEBUG_INFORMATION_FORMAT = "dwarf-with-dsym";
				ENABLE_NS_ASSERTIONS = NO;
				ENABLE_STRICT_OBJC_MSGSEND = YES;
				GCC_C_LANGUAGE_STANDARD = gnu11;
				GCC_NO_COMMON_BLOCKS = YES;
				GCC_WARN_64_TO_32_BIT_CONVERSION = YES;
				GCC_WARN_ABOUT_RETURN_TYPE = YES_ERROR;
				GCC_WARN_UNDECLARED_SELECTOR = YES;
				GCC_WARN_UNINITIALIZED_AUTOS = YES_AGGRESSIVE;
				GCC_WARN_UNUSED_FUNCTION = YES;
				GCC_WARN_UNUSED_VARIABLE = YES;
				IPHONEOS_DEPLOYMENT_TARGET = 13.4;
				MTL_ENABLE_DEBUG_INFO = NO;
				MTL_FAST_MATH = YES;
				SDKROOT = iphoneos;
				SWIFT_COMPILATION_MODE = wholemodule;
				SWIFT_OPTIMIZATION_LEVEL = "-O";
				VALIDATE_PRODUCT = YES;
			};
			name = Release;
		};
		E8875C5624546F8B00A6FA62 /* Debug */ = {
			isa = XCBuildConfiguration;
			baseConfigurationReference = 13EC066F6C1195B76E4E09BB /* Pods-MuSJc.debug.xcconfig */;
			buildSettings = {
				ASSETCATALOG_COMPILER_APPICON_NAME = AppIcon;
				CODE_SIGN_STYLE = Automatic;
				DEVELOPMENT_TEAM = B63987KD8S;
				INFOPLIST_FILE = MuSJc/Info.plist;
				IPHONEOS_DEPLOYMENT_TARGET = 11.0;
				LD_RUNPATH_SEARCH_PATHS = (
					"$(inherited)",
					"@executable_path/Frameworks",
				);
				PRODUCT_BUNDLE_IDENTIFIER = com.HuyDung.MuSJc;
				PRODUCT_NAME = "$(TARGET_NAME)";
				SWIFT_VERSION = 5.0;
				TARGETED_DEVICE_FAMILY = "1,2";
			};
			name = Debug;
		};
		E8875C5724546F8B00A6FA62 /* Release */ = {
			isa = XCBuildConfiguration;
			baseConfigurationReference = 83066F8CD6080437CE801CE6 /* Pods-MuSJc.release.xcconfig */;
			buildSettings = {
				ASSETCATALOG_COMPILER_APPICON_NAME = AppIcon;
				CODE_SIGN_STYLE = Automatic;
				DEVELOPMENT_TEAM = B63987KD8S;
				INFOPLIST_FILE = MuSJc/Info.plist;
				IPHONEOS_DEPLOYMENT_TARGET = 11.0;
				LD_RUNPATH_SEARCH_PATHS = (
					"$(inherited)",
					"@executable_path/Frameworks",
				);
				PRODUCT_BUNDLE_IDENTIFIER = com.HuyDung.MuSJc;
				PRODUCT_NAME = "$(TARGET_NAME)";
				SWIFT_VERSION = 5.0;
				TARGETED_DEVICE_FAMILY = "1,2";
			};
			name = Release;
		};
		E8875C5924546F8B00A6FA62 /* Debug */ = {
			isa = XCBuildConfiguration;
			baseConfigurationReference = 93C44A6C20B4F53635ADA909 /* Pods-MuSJcTests.debug.xcconfig */;
			buildSettings = {
				ALWAYS_EMBED_SWIFT_STANDARD_LIBRARIES = YES;
				BUNDLE_LOADER = "$(TEST_HOST)";
				CODE_SIGN_STYLE = Automatic;
				DEVELOPMENT_TEAM = B63987KD8S;
				INFOPLIST_FILE = MuSJcTests/Info.plist;
				IPHONEOS_DEPLOYMENT_TARGET = 13.4;
				LD_RUNPATH_SEARCH_PATHS = (
					"$(inherited)",
					"@executable_path/Frameworks",
					"@loader_path/Frameworks",
				);
				PRODUCT_BUNDLE_IDENTIFIER = com.HuyDung.MuSJcTests;
				PRODUCT_NAME = "$(TARGET_NAME)";
				SWIFT_VERSION = 5.0;
				TARGETED_DEVICE_FAMILY = "1,2";
				TEST_HOST = "$(BUILT_PRODUCTS_DIR)/MuSJc.app/MuSJc";
			};
			name = Debug;
		};
		E8875C5A24546F8B00A6FA62 /* Release */ = {
			isa = XCBuildConfiguration;
			baseConfigurationReference = 6A1E937E416B368FDDFDDDE3 /* Pods-MuSJcTests.release.xcconfig */;
			buildSettings = {
				ALWAYS_EMBED_SWIFT_STANDARD_LIBRARIES = YES;
				BUNDLE_LOADER = "$(TEST_HOST)";
				CODE_SIGN_STYLE = Automatic;
				DEVELOPMENT_TEAM = B63987KD8S;
				INFOPLIST_FILE = MuSJcTests/Info.plist;
				IPHONEOS_DEPLOYMENT_TARGET = 13.4;
				LD_RUNPATH_SEARCH_PATHS = (
					"$(inherited)",
					"@executable_path/Frameworks",
					"@loader_path/Frameworks",
				);
				PRODUCT_BUNDLE_IDENTIFIER = com.HuyDung.MuSJcTests;
				PRODUCT_NAME = "$(TARGET_NAME)";
				SWIFT_VERSION = 5.0;
				TARGETED_DEVICE_FAMILY = "1,2";
				TEST_HOST = "$(BUILT_PRODUCTS_DIR)/MuSJc.app/MuSJc";
			};
			name = Release;
		};
/* End XCBuildConfiguration section */

/* Begin XCConfigurationList section */
		E8875C3124546F8800A6FA62 /* Build configuration list for PBXProject "MuSJc" */ = {
			isa = XCConfigurationList;
			buildConfigurations = (
				E8875C5324546F8B00A6FA62 /* Debug */,
				E8875C5424546F8B00A6FA62 /* Release */,
			);
			defaultConfigurationIsVisible = 0;
			defaultConfigurationName = Release;
		};
		E8875C5524546F8B00A6FA62 /* Build configuration list for PBXNativeTarget "MuSJc" */ = {
			isa = XCConfigurationList;
			buildConfigurations = (
				E8875C5624546F8B00A6FA62 /* Debug */,
				E8875C5724546F8B00A6FA62 /* Release */,
			);
			defaultConfigurationIsVisible = 0;
			defaultConfigurationName = Release;
		};
		E8875C5824546F8B00A6FA62 /* Build configuration list for PBXNativeTarget "MuSJcTests" */ = {
			isa = XCConfigurationList;
			buildConfigurations = (
				E8875C5924546F8B00A6FA62 /* Debug */,
				E8875C5A24546F8B00A6FA62 /* Release */,
			);
			defaultConfigurationIsVisible = 0;
			defaultConfigurationName = Release;
		};
/* End XCConfigurationList section */
	};
	rootObject = E8875C2E24546F8800A6FA62 /* Project object */;
}
